{
  "name": "demo",
  "version": "1.0.0",
  "lockfileVersion": 1,
  "requires": true,
  "dependencies": {
    "babylonjs": {
      "version": "4.1.0",
      "resolved": "https://registry.npmjs.org/babylonjs/-/babylonjs-4.1.0.tgz",
      "integrity": "sha512-MnaH1BQIL+PYgqGaAvGVdP8yd7nM1j6sbQi/K/6+RlkHPxIETW2NbjqxiW7Sywgy7r3PwqWT/gxG4Bz95Z6/yA==",
      "dev": true
    },
    "babylonjs-gltf2interface": {
      "version": "4.1.0",
      "resolved": "https://registry.npmjs.org/babylonjs-gltf2interface/-/babylonjs-gltf2interface-4.1.0.tgz",
      "integrity": "sha512-H2obg+4t8bcmLyzGiOQqmUaTQqTu+6mJUlsMWZvmRBf0k2fQVeTdAkH7aDy6HVIz/THvpIx4ntG1Lsyquvmc5Q==",
      "dev": true
    },
    "babylonjs-gui": {
      "version": "4.1.0",
      "resolved": "https://registry.npmjs.org/babylonjs-gui/-/babylonjs-gui-4.1.0.tgz",
      "integrity": "sha512-nlsmPFuva336GEUdz1n3kNZKFR+GVbTVo+kr6X5SKmiAvo+BrGJeFv1RK0p6uO/ceM4kiQdGaMSCZlB5sy5TZg==",
      "dev": true,
      "requires": {
        "babylonjs": "4.1.0"
      }
    },
    "babylonjs-inspector": {
      "version": "4.1.0",
      "resolved": "https://registry.npmjs.org/babylonjs-inspector/-/babylonjs-inspector-4.1.0.tgz",
      "integrity": "sha512-qEya3AhLWXXJjd1BnzraACoASdgOQpBluFd+vSqZhB2mxCpqPkwJu/jHnUet5k/BcSD0CL5ZYDkMueZ8tEkH7w==",
      "dev": true,
      "requires": {
        "babylonjs": "4.1.0",
        "babylonjs-gltf2interface": "4.1.0",
        "babylonjs-gui": "4.1.0",
        "babylonjs-loaders": "4.1.0",
        "babylonjs-materials": "4.1.0",
        "babylonjs-serializers": "4.1.0"
      }
    },
    "babylonjs-loaders": {
      "version": "4.1.0",
      "resolved": "https://registry.npmjs.org/babylonjs-loaders/-/babylonjs-loaders-4.1.0.tgz",
      "integrity": "sha512-gNC+XEVI5cLJLVRTlkFHVfSY4EZS0VzWzEmNb8M49ZMFNuqOuHsVnQZg4Vms9e4LgvNtws4Z0SWrRanZnkIX5g==",
      "dev": true,
      "requires": {
        "babylonjs": "4.1.0",
        "babylonjs-gltf2interface": "4.1.0"
      }
    },
    "babylonjs-materials": {
      "version": "4.1.0",
      "resolved": "https://registry.npmjs.org/babylonjs-materials/-/babylonjs-materials-4.1.0.tgz",
      "integrity": "sha512-rgBQoWvn65yYfY5eXrMHXFOHYwaQSg9hTYZ7A+/KIms+UJjrZxPvlaxmv+R6K6N8phLK10ViSVRR8eubUqM5VA==",
      "dev": true,
      "requires": {
        "babylonjs": "4.1.0"
      }
    },
    "babylonjs-serializers": {
      "version": "4.1.0",
      "resolved": "https://registry.npmjs.org/babylonjs-serializers/-/babylonjs-serializers-4.1.0.tgz",
      "integrity": "sha512-JDLpoe2T1QlSZWvSzgpBrUCbdskvvFJaA2XcmJprqd/4YQVmQhLnKwlliBh0scZo1Gzl4qaSALnhCgCBmVWkDw==",
      "dev": true,
      "requires": {
        "babylonjs": "4.1.0",
        "babylonjs-gltf2interface": "4.1.0"
      }
    }
  }
}
